{
  "name": "transliteration",
  "version": "0.0.1",
  "lockfileVersion": 1,
  "requires": true,
  "dependencies": {
    "langdetect": {
      "version": "git://github.com/cnstntn-kndrtv/langdetect.git#9c2e5fb6dc7cdc13a142022bef0159fbb1672f61",
      "requires": {
        "languagedetect": "1.1.1"
      }
    },
    "languagedetect": {
      "version": "1.1.1",
      "resolved": "https://registry.npmjs.org/languagedetect/-/languagedetect-1.1.1.tgz",
      "integrity": "sha1-i+NjvSR2j5LG4ENwbxOzqSlJIKs="
    }
  }
}
